
Microsoft Visual Studio Solution File, Format Version 12.00
# Visual Studio Version 17
VisualStudioVersion = 17.4.33403.182
MinimumVisualStudioVersion = 10.0.40219.1
Project("{FAE04EC0-301F-11D3-BF4B-00C04F79EFBC}") = "FluentMigratorSample", "FluentMigratorSample\FluentMigratorSample.csproj", "{37F7E855-E7E1-4774-8092-1E7EB232DA77}"
EndProject
Global
	GlobalSection(SolutionConfigurationPlatforms) = preSolution
		Debug|Any CPU = Debug|Any CPU
		Release|Any CPU = Release|Any CPU
	EndGlobalSection
	GlobalSection(ProjectConfigurationPlatforms) = postSolution
		{37F7E855-E7E1-4774-8092-1E7EB232DA77}.Debug|Any CPU.ActiveCfg = Debug|Any CPU
		{37F7E855-E7E1-4774-8092-1E7EB232DA77}.Debug|Any CPU.Build.0 = Debug|Any CPU
		{37F7E855-E7E1-4774-8092-1E7EB232DA77}.Release|Any CPU.ActiveCfg = Release|Any CPU
		{37F7E855-E7E1-4774-8092-1E7EB232DA77}.Release|Any CPU.Build.0 = Release|Any CPU
	EndGlobalSection
	GlobalSection(SolutionProperties) = preSolution
		HideSolutionNode = FALSE
	EndGlobalSection
	GlobalSection(ExtensibilityGlobals) = postSolution
		SolutionGuid = {5D951493-7C7B-4642-8870-ACB0C9C14B44}
	EndGlobalSection
EndGlobal
